hash: a0f954031175d1607bcd9738671ea951b41056867260e691cabfeb2f19aa88ea
updated: 2019-06-15T21:25:12.577731+02:00
imports:
- name: github.com/beorn7/perks
  version: 234731a4f01687625231ac651d6b2776e3f3142e
  subpackages:
  - quantile
- name: github.com/go-resty/resty
  version: fa5875c0caa5c260ab78acec5a244215a730247f
- name: github.com/golang/protobuf
  version: b285ee9cfc6c881bb20c0d8dc73370ea9b9ec90f
  subpackages:
  - proto
- name: github.com/google/logger
  version: 03bdf7bcb2c4d98c8fdbf62f1473fb1303ca1c1d
- name: github.com/jessevdk/go-flags
  version: c0795c8afcf41dd1d786bebce68636c199b3bb45
- name: github.com/matttproud/golang_protobuf_extensions
  version: c182affec369e30f25d3eb8cd8a478dee585ae7d
  subpackages:
  - pbutil
- name: github.com/prometheus/client_golang
  version: 2641b987480bca71fb39738eb8c8b0d577cb1d76
  subpackages:
  - prometheus
  - prometheus/internal
  - prometheus/promhttp
- name: github.com/prometheus/client_model
  version: fd36f4220a901265f90734c3183c5f0c91daa0b8
  subpackages:
  - go
- name: github.com/prometheus/common
  version: 6125cc8d9fa0ecb5e6acad546bc61e4f093c19b1
  subpackages:
  - expfmt
  - internal/bitbucket.org/ww/goautoneg
  - model
- name: github.com/prometheus/procfs
  version: 1de2bc567d78f4ff415fd103412f7e5ec9e8876b
  subpackages:
  - internal/fs
- name: golang.org/x/net
  version: 65e2d4e15006aab9813ff8769e768bbf4bb667a0
  subpackages:
  - publicsuffix
- name: golang.org/x/sys
  version: 7fc4e5ec1444df20dd195ae7c3bbfcd7114d3faa
  subpackages:
  - windows
  - windows/registry
  - windows/svc/eventlog
testImports: []
